// !$*UTF8*$!
{
	archiveVersion = 1;
	classes = {
	};
	objectVersion = 56;
	objects = {

/* Begin PBXBuildFile section */
		F92DA8EF2B44533E00F71FF6 /* AppDelegate.swift in Sources */ = {isa = PBXBuildFile; fileRef = F92DA8EE2B44533E00F71FF6 /* AppDelegate.swift */; };
		F92DA8F12B44533E00F71FF6 /* SceneDelegate.swift in Sources */ = {isa = PBXBuildFile; fileRef = F92DA8F02B44533E00F71FF6 /* SceneDelegate.swift */; };
		F92DA8F32B44533E00F71FF6 /* ViewController.swift in Sources */ = {isa = PBXBuildFile; fileRef = F92DA8F22B44533E00F71FF6 /* ViewController.swift */; };
		F92DA8F62B44533E00F71FF6 /* Main.storyboard in Resources */ = {isa = PBXBuildFile; fileRef = F92DA8F42B44533E00F71FF6 /* Main.storyboard */; };
		F92DA8F82B44533F00F71FF6 /* Assets.xcassets in Resources */ = {isa = PBXBuildFile; fileRef = F92DA8F72B44533F00F71FF6 /* Assets.xcassets */; };
		F92DA8FB2B44533F00F71FF6 /* LaunchScreen.storyboard in Resources */ = {isa = PBXBuildFile; fileRef = F92DA8F92B44533F00F71FF6 /* LaunchScreen.storyboard */; };
		F92DA9062B44533F00F71FF6 /* I_am_PoorTests.swift in Sources */ = {isa = PBXBuildFile; fileRef = F92DA9052B44533F00F71FF6 /* I_am_PoorTests.swift */; };
		F92DA9102B44533F00F71FF6 /* I_am_PoorUITests.swift in Sources */ = {isa = PBXBuildFile; fileRef = F92DA90F2B44533F00F71FF6 /* I_am_PoorUITests.swift */; };
		F92DA9122B44533F00F71FF6 /* I_am_PoorUITestsLaunchTests.swift in Sources */ = {isa = PBXBuildFile; fileRef = F92DA9112B44533F00F71FF6 /* I_am_PoorUITestsLaunchTests.swift */; };
/* End PBXBuildFile section */

/* Begin PBXContainerItemProxy section */
		F92DA9022B44533F00F71FF6 /* PBXContainerItemProxy */ = {
			isa = PBXContainerItemProxy;
			containerPortal = F92DA8E32B44533E00F71FF6 /* Project object */;
			proxyType = 1;
			remoteGlobalIDString = F92DA8EA2B44533E00F71FF6;
			remoteInfo = "I am Poor";
		};
		F92DA90C2B44533F00F71FF6 /* PBXContainerItemProxy */ = {
			isa = PBXContainerItemProxy;
			containerPortal = F92DA8E32B44533E00F71FF6 /* Project object */;
			proxyType = 1;
			remoteGlobalIDString = F92DA8EA2B44533E00F71FF6;
			remoteInfo = "I am Poor";
		};
/* End PBXContainerItemProxy section */

/* Begin PBXFileReference section */
		F92DA8EB2B44533E00F71FF6 /* I am Poor.app */ = {isa = PBXFileReference; explicitFileType = wrapper.application; includeInIndex = 0; path = "I am Poor.app"; sourceTree = BUILT_PRODUCTS_DIR; };
		F92DA8EE2B44533E00F71FF6 /* AppDelegate.swift */ = {isa = PBXFileReference; lastKnownFileType = sourcecode.swift; path = AppDelegate.swift; sourceTree = "<group>"; };
		F92DA8F02B44533E00F71FF6 /* SceneDelegate.swift */ = {isa = PBXFileReference; lastKnownFileType = sourcecode.swift; path = SceneDelegate.swift; sourceTree = "<group>"; };
		F92DA8F22B44533E00F71FF6 /* ViewController.swift */ = {isa = PBXFileReference; lastKnownFileType = sourcecode.swift; path = ViewController.swift; sourceTree = "<group>"; };
		F92DA8F52B44533E00F71FF6 /* Base */ = {isa = PBXFileReference; lastKnownFileType = file.storyboard; name = Base; path = Base.lproj/Main.storyboard; sourceTree = "<group>"; };
		F92DA8F72B44533F00F71FF6 /* Assets.xcassets */ = {isa = PBXFileReference; lastKnownFileType = folder.assetcatalog; path = Assets.xcassets; sourceTree = "<group>"; };
		F92DA8FA2B44533F00F71FF6 /* Base */ = {isa = PBXFileReference; lastKnownFileType = file.storyboard; name = Base; path = Base.lproj/LaunchScreen.storyboard; sourceTree = "<group>"; };
		F92DA8FC2B44533F00F71FF6 /* Info.plist */ = {isa = PBXFileReference; lastKnownFileType = text.plist.xml; path = Info.plist; sourceTree = "<group>"; };
		F92DA9012B44533F00F71FF6 /* I am PoorTests.xctest */ = {isa = PBXFileReference; explicitFileType = wrapper.cfbundle; includeInIndex = 0; path = "I am PoorTests.xctest"; sourceTree = BUILT_PRODUCTS_DIR; };
		F92DA9052B44533F00F71FF6 /* I_am_PoorTests.swift */ = {isa = PBXFileReference; lastKnownFileType = sourcecode.swift; path = I_am_PoorTests.swift; sourceTree = "<group>"; };
		F92DA90B2B44533F00F71FF6 /* I am PoorUITests.xctest */ = {isa = PBXFileReference; explicitFileType = wrapper.cfbundle; includeInIndex = 0; path = "I am PoorUITests.xctest"; sourceTree = BUILT_PRODUCTS_DIR; };
		F92DA90F2B44533F00F71FF6 /* I_am_PoorUITests.swift */ = {isa = PBXFileReference; lastKnownFileType = sourcecode.swift; path = I_am_PoorUITests.swift; sourceTree = "<group>"; };
		F92DA9112B44533F00F71FF6 /* I_am_PoorUITestsLaunchTests.swift */ = {isa = PBXFileReference; lastKnownFileType = sourcecode.swift; path = I_am_PoorUITestsLaunchTests.swift; sourceTree = "<group>"; };
/* End PBXFileReference section */

/* Begin PBXFrameworksBuildPhase section */
		F92DA8E82B44533E00F71FF6 /* Frameworks */ = {
			isa = PBXFrameworksBuildPhase;
			buildActionMask = 2147483647;
			files = (
			);
			runOnlyForDeploymentPostprocessing = 0;
		};
		F92DA8FE2B44533F00F71FF6 /* Frameworks */ = {
			isa = PBXFrameworksBuildPhase;
			buildActionMask = 2147483647;
			files = (
			);
			runOnlyForDeploymentPostprocessing = 0;
		};
		F92DA9082B44533F00F71FF6 /* Frameworks */ = {
			isa = PBXFrameworksBuildPhase;
			buildActionMask = 2147483647;
			files = (
			);
			runOnlyForDeploymentPostprocessing = 0;
		};
/* End PBXFrameworksBuildPhase section */

/* Begin PBXGroup section */
		F92DA8E22B44533E00F71FF6 = {
			isa = PBXGroup;
			children = (
				F92DA8ED2B44533E00F71FF6 /* I am Poor */,
				F92DA9042B44533F00F71FF6 /* I am PoorTests */,
				F92DA90E2B44533F00F71FF6 /* I am PoorUITests */,
				F92DA8EC2B44533E00F71FF6 /* Products */,
			);
			sourceTree = "<group>";
		};
		F92DA8EC2B44533E00F71FF6 /* Products */ = {
			isa = PBXGroup;
			children = (
				F92DA8EB2B44533E00F71FF6 /* I am Poor.app */,
				F92DA9012B44533F00F71FF6 /* I am PoorTests.xctest */,
				F92DA90B2B44533F00F71FF6 /* I am PoorUITests.xctest */,
			);
			name = Products;
			sourceTree = "<group>";
		};
		F92DA8ED2B44533E00F71FF6 /* I am Poor */ = {
			isa = PBXGroup;
			children = (
				F92DA8EE2B44533E00F71FF6 /* AppDelegate.swift */,
				F92DA8F02B44533E00F71FF6 /* SceneDelegate.swift */,
				F92DA8F22B44533E00F71FF6 /* ViewController.swift */,
				F92DA8F42B44533E00F71FF6 /* Main.storyboard */,
				F92DA8F72B44533F00F71FF6 /* Assets.xcassets */,
				F92DA8F92B44533F00F71FF6 /* LaunchScreen.storyboard */,
				F92DA8FC2B44533F00F71FF6 /* Info.plist */,
			);
			path = "I am Poor";
			sourceTree = "<group>";
		};
		F92DA9042B44533F00F71FF6 /* I am PoorTests */ = {
			isa = PBXGroup;
			children = (
				F92DA9052B44533F00F71FF6 /* I_am_PoorTests.swift */,
			);
			path = "I am PoorTests";
			sourceTree = "<group>";
		};
		F92DA90E2B44533F00F71FF6 /* I am PoorUITests */ = {
			isa = PBXGroup;
			children = (
				F92DA90F2B44533F00F71FF6 /* I_am_PoorUITests.swift */,
				F92DA9112B44533F00F71FF6 /* I_am_PoorUITestsLaunchTests.swift */,
			);
			path = "I am PoorUITests";
			sourceTree = "<group>";
		};
/* End PBXGroup section */

/* Begin PBXNativeTarget section */
		F92DA8EA2B44533E00F71FF6 /* I am Poor */ = {
			isa = PBXNativeTarget;
			buildConfigurationList = F92DA9152B44533F00F71FF6 /* Build configuration list for PBXNativeTarget "I am Poor" */;
			buildPhases = (
				F92DA8E72B44533E00F71FF6 /* Sources */,
				F92DA8E82B44533E00F71FF6 /* Frameworks */,
				F92DA8E92B44533E00F71FF6 /* Resources */,
			);
			buildRules = (
			);
			dependencies = (
			);
			name = "I am Poor";
			productName = "I am Poor";
			productReference = F92DA8EB2B44533E00F71FF6 /* I am Poor.app */;
			productType = "com.apple.product-type.application";
		};
		F92DA9002B44533F00F71FF6 /* I am PoorTests */ = {
			isa = PBXNativeTarget;
			buildConfigurationList = F92DA9182B44533F00F71FF6 /* Build configuration list for PBXNativeTarget "I am PoorTests" */;
			buildPhases = (
				F92DA8FD2B44533F00F71FF6 /* Sources */,
				F92DA8FE2B44533F00F71FF6 /* Frameworks */,
				F92DA8FF2B44533F00F71FF6 /* Resources */,
			);
			buildRules = (
			);
			dependencies = (
				F92DA9032B44533F00F71FF6 /* PBXTargetDependency */,
			);
			name = "I am PoorTests";
			productName = "I am PoorTests";
			productReference = F92DA9012B44533F00F71FF6 /* I am PoorTests.xctest */;
			productType = "com.apple.product-type.bundle.unit-test";
		};
		F92DA90A2B44533F00F71FF6 /* I am PoorUITests */ = {
			isa = PBXNativeTarget;
			buildConfigurationList = F92DA91B2B44533F00F71FF6 /* Build configuration list for PBXNativeTarget "I am PoorUITests" */;
			buildPhases = (
				F92DA9072B44533F00F71FF6 /* Sources */,
				F92DA9082B44533F00F71FF6 /* Frameworks */,
				F92DA9092B44533F00F71FF6 /* Resources */,
			);
			buildRules = (
			);
			dependencies = (
				F92DA90D2B44533F00F71FF6 /* PBXTargetDependency */,
			);
			name = "I am PoorUITests";
			productName = "I am PoorUITests";
			productReference = F92DA90B2B44533F00F71FF6 /* I am PoorUITests.xctest */;
			productType = "com.apple.product-type.bundle.ui-testing";
		};
/* End PBXNativeTarget section */

/* Begin PBXProject section */
		F92DA8E32B44533E00F71FF6 /* Project object */ = {
			isa = PBXProject;
			attributes = {
				BuildIndependentTargetsInParallel = 1;
				LastSwiftUpdateCheck = 1510;
				LastUpgradeCheck = 1510;
				TargetAttributes = {
					F92DA8EA2B44533E00F71FF6 = {
						CreatedOnToolsVersion = 15.1;
					};
					F92DA9002B44533F00F71FF6 = {
						CreatedOnToolsVersion = 15.1;
						TestTargetID = F92DA8EA2B44533E00F71FF6;
					};
					F92DA90A2B44533F00F71FF6 = {
						CreatedOnToolsVersion = 15.1;
						TestTargetID = F92DA8EA2B44533E00F71FF6;
					};
				};
			};
			buildConfigurationList = F92DA8E62B44533E00F71FF6 /* Build configuration list for PBXProject "I am Poor" */;
			compatibilityVersion = "Xcode 14.0";
			developmentRegion = en;
			hasScannedForEncodings = 0;
			knownRegions = (
				en,
				Base,
			);
			mainGroup = F92DA8E22B44533E00F71FF6;
			productRefGroup = F92DA8EC2B44533E00F71FF6 /* Products */;
			projectDirPath = "";
			projectRoot = "";
			targets = (
				F92DA8EA2B44533E00F71FF6 /* I am Poor */,
				F92DA9002B44533F00F71FF6 /* I am PoorTests */,
				F92DA90A2B44533F00F71FF6 /* I am PoorUITests */,
			);
		};
/* End PBXProject section */

/* Begin PBXResourcesBuildPhase section */
		F92DA8E92B44533E00F71FF6 /* Resources */ = {
			isa = PBXResourcesBuildPhase;
			buildActionMask = 2147483647;
			files = (
				F92DA8FB2B44533F00F71FF6 /* LaunchScreen.storyboard in Resources */,
				F92DA8F82B44533F00F71FF6 /* Assets.xcassets in Resources */,
				F92DA8F62B44533E00F71FF6 /* Main.storyboard in Resources */,
			);
			runOnlyForDeploymentPostprocessing = 0;
		};
		F92DA8FF2B44533F00F71FF6 /* Resources */ = {
			isa = PBXResourcesBuildPhase;
			buildActionMask = 2147483647;
			files = (
			);
			runOnlyForDeploymentPostprocessing = 0;
		};
		F92DA9092B44533F00F71FF6 /* Resources */ = {
			isa = PBXResourcesBuildPhase;
			buildActionMask = 2147483647;
			files = (
			);
			runOnlyForDeploymentPostprocessing = 0;
		};
/* End PBXResourcesBuildPhase section */

/* Begin PBXSourcesBuildPhase section */
		F92DA8E72B44533E00F71FF6 /* Sources */ = {
			isa = PBXSourcesBuildPhase;
			buildActionMask = 2147483647;
			files = (
				F92DA8F32B44533E00F71FF6 /* ViewController.swift in Sources */,
				F92DA8EF2B44533E00F71FF6 /* AppDelegate.swift in Sources */,
				F92DA8F12B44533E00F71FF6 /* SceneDelegate.swift in Sources */,
			);
			runOnlyForDeploymentPostprocessing = 0;
		};
		F92DA8FD2B44533F00F71FF6 /* Sources */ = {
			isa = PBXSourcesBuildPhase;
			buildActionMask = 2147483647;
			files = (
				F92DA9062B44533F00F71FF6 /* I_am_PoorTests.swift in Sources */,
			);
			runOnlyForDeploymentPostprocessing = 0;
		};
		F92DA9072B44533F00F71FF6 /* Sources */ = {
			isa = PBXSourcesBuildPhase;
			buildActionMask = 2147483647;
			files = (
				F92DA9122B44533F00F71FF6 /* I_am_PoorUITestsLaunchTests.swift in Sources */,
				F92DA9102B44533F00F71FF6 /* I_am_PoorUITests.swift in Sources */,
			);
			runOnlyForDeploymentPostprocessing = 0;
		};
/* End PBXSourcesBuildPhase section */

/* Begin PBXTargetDependency section */
		F92DA9032B44533F00F71FF6 /* PBXTargetDependency */ = {
			isa = PBXTargetDependency;
			target = F92DA8EA2B44533E00F71FF6 /* I am Poor */;
			targetProxy = F92DA9022B44533F00F71FF6 /* PBXContainerItemProxy */;
		};
		F92DA90D2B44533F00F71FF6 /* PBXTargetDependency */ = {
			isa = PBXTargetDependency;
			target = F92DA8EA2B44533E00F71FF6 /* I am Poor */;
			targetProxy = F92DA90C2B44533F00F71FF6 /* PBXContainerItemProxy */;
		};
/* End PBXTargetDependency section */

/* Begin PBXVariantGroup section */
		F92DA8F42B44533E00F71FF6 /* Main.storyboard */ = {
			isa = PBXVariantGroup;
			children = (
				F92DA8F52B44533E00F71FF6 /* Base */,
			);
			name = Main.storyboard;
			sourceTree = "<group>";
		};
		F92DA8F92B44533F00F71FF6 /* LaunchScreen.storyboard */ = {
			isa = PBXVariantGroup;
			children = (
				F92DA8FA2B44533F00F71FF6 /* Base */,
			);
			name = LaunchScreen.storyboard;
			sourceTree = "<group>";
		};
/* End PBXVariantGroup section */

/* Begin XCBuildConfiguration section */
		F92DA9132B44533F00F71FF6 /* Debug */ = {
			isa = XCBuildConfiguration;
			buildSettings = {
				ALWAYS_SEARCH_USER_PATHS = NO;
				ASSETCATALOG_COMPILER_GENERATE_SWIFT_ASSET_SYMBOL_EXTENSIONS = YES;
				CLANG_ANALYZER_NONNULL = YES;
				CLANG_ANALYZER_NUMBER_OBJECT_CONVERSION = YES_AGGRESSIVE;
				CLANG_CXX_LANGUAGE_STANDARD = "gnu++20";
				CLANG_ENABLE_MODULES = YES;
				CLANG_ENABLE_OBJC_ARC = YES;
				CLANG_ENABLE_OBJC_WEAK = YES;
				CLANG_WARN_BLOCK_CAPTURE_AUTORELEASING = YES;
				CLANG_WARN_BOOL_CONVERSION = YES;
				CLANG_WARN_COMMA = YES;
				CLANG_WARN_CONSTANT_CONVERSION = YES;
				CLANG_WARN_DEPRECATED_OBJC_IMPLEMENTATIONS = YES;
				CLANG_WARN_DIRECT_OBJC_ISA_USAGE = YES_ERROR;
				CLANG_WARN_DOCUMENTATION_COMMENTS = YES;
				CLANG_WARN_EMPTY_BODY = YES;
				CLANG_WARN_ENUM_CONVERSION = YES;
				CLANG_WARN_INFINITE_RECURSION = YES;
				CLANG_WARN_INT_CONVERSION = YES;
				CLANG_WARN_NON_LITERAL_NULL_CONVERSION = YES;
				CLANG_WARN_OBJC_IMPLICIT_RETAIN_SELF = YES;
				CLANG_WARN_OBJC_LITERAL_CONVERSION = YES;
				CLANG_WARN_OBJC_ROOT_CLASS = YES_ERROR;
				CLANG_WARN_QUOTED_INCLUDE_IN_FRAMEWORK_HEADER = YES;
				CLANG_WARN_RANGE_LOOP_ANALYSIS = YES;
				CLANG_WARN_STRICT_PROTOTYPES = YES;
				CLANG_WARN_SUSPICIOUS_MOVE = YES;
				CLANG_WARN_UNGUARDED_AVAILABILITY = YES_AGGRESSIVE;
				CLANG_WARN_UNREACHABLE_CODE = YES;
				CLANG_WARN__DUPLICATE_METHOD_MATCH = YES;
				COPY_PHASE_STRIP = NO;
				DEBUG_INFORMATION_FORMAT = dwarf;
				ENABLE_STRICT_OBJC_MSGSEND = YES;
				ENABLE_TESTABILITY = YES;
				ENABLE_USER_SCRIPT_SANDBOXING = YES;
				GCC_C_LANGUAGE_STANDARD = gnu17;
				GCC_DYNAMIC_NO_PIC = NO;
				GCC_NO_COMMON_BLOCKS = YES;
				GCC_OPTIMIZATION_LEVEL = 0;
				GCC_PREPROCESSOR_DEFINITIONS = (
					"DEBUG=1",
					"$(inherited)",
				);
				GCC_WARN_64_TO_32_BIT_CONVERSION = YES;
				GCC_WARN_ABOUT_RETURN_TYPE = YES_ERROR;
				GCC_WARN_UNDECLARED_SELECTOR = YES;
				GCC_WARN_UNINITIALIZED_AUTOS = YES_AGGRESSIVE;
				GCC_WARN_UNUSED_FUNCTION = YES;
				GCC_WARN_UNUSED_VARIABLE = YES;
				IPHONEOS_DEPLOYMENT_TARGET = 17.2;
				LOCALIZATION_PREFERS_STRING_CATALOGS = YES;
				MTL_ENABLE_DEBUG_INFO = INCLUDE_SOURCE;
				MTL_FAST_MATH = YES;
				ONLY_ACTIVE_ARCH = YES;
				SDKROOT = iphoneos;
				SWIFT_ACTIVE_COMPILATION_CONDITIONS = "DEBUG $(inherited)";
				SWIFT_OPTIMIZATION_LEVEL = "-Onone";
			};
			name = Debug;
		};
		F92DA9142B44533F00F71FF6 /* Release */ = {
			isa = XCBuildConfiguration;
			buildSettings = {
				ALWAYS_SEARCH_USER_PATHS = NO;
				ASSETCATALOG_COMPILER_GENERATE_SWIFT_ASSET_SYMBOL_EXTENSIONS = YES;
				CLANG_ANALYZER_NONNULL = YES;
				CLANG_ANALYZER_NUMBER_OBJECT_CONVERSION = YES_AGGRESSIVE;
				CLANG_CXX_LANGUAGE_STANDARD = "gnu++20";
				CLANG_ENABLE_MODULES = YES;
				CLANG_ENABLE_OBJC_ARC = YES;
				CLANG_ENABLE_OBJC_WEAK = YES;
				CLANG_WARN_BLOCK_CAPTURE_AUTORELEASING = YES;
				CLANG_WARN_BOOL_CONVERSION = YES;
				CLANG_WARN_COMMA = YES;
				CLANG_WARN_CONSTANT_CONVERSION = YES;
				CLANG_WARN_DEPRECATED_OBJC_IMPLEMENTATIONS = YES;
				CLANG_WARN_DIRECT_OBJC_ISA_USAGE = YES_ERROR;
				CLANG_WARN_DOCUMENTATION_COMMENTS = YES;
				CLANG_WARN_EMPTY_BODY = YES;
				CLANG_WARN_ENUM_CONVERSION = YES;
				CLANG_WARN_INFINITE_RECURSION = YES;
				CLANG_WARN_INT_CONVERSION = YES;
				CLANG_WARN_NON_LITERAL_NULL_CONVERSION = YES;
				CLANG_WARN_OBJC_IMPLICIT_RETAIN_SELF = YES;
				CLANG_WARN_OBJC_LITERAL_CONVERSION = YES;
				CLANG_WARN_OBJC_ROOT_CLASS = YES_ERROR;
				CLANG_WARN_QUOTED_INCLUDE_IN_FRAMEWORK_HEADER = YES;
				CLANG_WARN_RANGE_LOOP_ANALYSIS = YES;
				CLANG_WARN_STRICT_PROTOTYPES = YES;
				CLANG_WARN_SUSPICIOUS_MOVE = YES;
				CLANG_WARN_UNGUARDED_AVAILABILITY = YES_AGGRESSIVE;
				CLANG_WARN_UNREACHABLE_CODE = YES;
				CLANG_WARN__DUPLICATE_METHOD_MATCH = YES;
				COPY_PHASE_STRIP = NO;
				DEBUG_INFORMATION_FORMAT = "dwarf-with-dsym";
				ENABLE_NS_ASSERTIONS = NO;
				ENABLE_STRICT_OBJC_MSGSEND = YES;
				ENABLE_USER_SCRIPT_SANDBOXING = YES;
				GCC_C_LANGUAGE_STANDARD = gnu17;
				GCC_NO_COMMON_BLOCKS = YES;
				GCC_WARN_64_TO_32_BIT_CONVERSION = YES;
				GCC_WARN_ABOUT_RETURN_TYPE = YES_ERROR;
				GCC_WARN_UNDECLARED_SELECTOR = YES;
				GCC_WARN_UNINITIALIZED_AUTOS = YES_AGGRESSIVE;
				GCC_WARN_UNUSED_FUNCTION = YES;
				GCC_WARN_UNUSED_VARIABLE = YES;
				IPHONEOS_DEPLOYMENT_TARGET = 17.2;
				LOCALIZATION_PREFERS_STRING_CATALOGS = YES;
				MTL_ENABLE_DEBUG_INFO = NO;
				MTL_FAST_MATH = YES;
				SDKROOT = iphoneos;
				SWIFT_COMPILATION_MODE = wholemodule;
				VALIDATE_PRODUCT = YES;
			};
			name = Release;
		};
		F92DA9162B44533F00F71FF6 /* Debug */ = {
			isa = XCBuildConfiguration;
			buildSettings = {
				ASSETCATALOG_COMPILER_APPICON_NAME = AppIcon;
				ASSETCATALOG_COMPILER_GLOBAL_ACCENT_COLOR_NAME = AccentColor;
				CODE_SIGN_STYLE = Automatic;
				CURRENT_PROJECT_VERSION = 1;
				GENERATE_INFOPLIST_FILE = YES;
				INFOPLIST_FILE = "I am Poor/Info.plist";
				INFOPLIST_KEY_UIApplicationSupportsIndirectInputEvents = YES;
				INFOPLIST_KEY_UILaunchStoryboardName = LaunchScreen;
				INFOPLIST_KEY_UIMainStoryboardFile = Main;
				INFOPLIST_KEY_UISupportedInterfaceOrientations_iPad = "UIInterfaceOrientationPortrait UIInterfaceOrientationPortraitUpsideDown UIInterfaceOrientationLandscapeLeft UIInterfaceOrientationLandscapeRight";
				INFOPLIST_KEY_UISupportedInterfaceOrientations_iPhone = "UIInterfaceOrientationPortrait UIInterfaceOrientationLandscapeLeft UIInterfaceOrientationLandscapeRight";
				LD_RUNPATH_SEARCH_PATHS = (
					"$(inherited)",
					"@executable_path/Frameworks",
				);
				MARKETING_VERSION = 1.0;
				PRODUCT_BUNDLE_IDENTIFIER = "co.ritesh.I-am-Poor";
				PRODUCT_NAME = "$(TARGET_NAME)";
				SWIFT_EMIT_LOC_STRINGS = YES;
				SWIFT_VERSION = 5.0;
				TARGETED_DEVICE_FAMILY = "1,2";
			};
			name = Debug;
		};
		F92DA9172B44533F00F71FF6 /* Release */ = {
			isa = XCBuildConfiguration;
			buildSettings = {
				ASSETCATALOG_COMPILER_APPICON_NAME = AppIcon;
				ASSETCATALOG_COMPILER_GLOBAL_ACCENT_COLOR_NAME = AccentColor;
				CODE_SIGN_STYLE = Automatic;
				CURRENT_PROJECT_VERSION = 1;
				GENERATE_INFOPLIST_FILE = YES;
				INFOPLIST_FILE = "I am Poor/Info.plist";
				INFOPLIST_KEY_UIApplicationSupportsIndirectInputEvents = YES;
				INFOPLIST_KEY_UILaunchStoryboardName = LaunchScreen;
				INFOPLIST_KEY_UIMainStoryboardFile = Main;
				INFOPLIST_KEY_UISupportedInterfaceOrientations_iPad = "UIInterfaceOrientationPortrait UIInterfaceOrientationPortraitUpsideDown UIInterfaceOrientationLandscapeLeft UIInterfaceOrientationLandscapeRight";
				INFOPLIST_KEY_UISupportedInterfaceOrientations_iPhone = "UIInterfaceOrientationPortrait UIInterfaceOrientationLandscapeLeft UIInterfaceOrientationLandscapeRight";
				LD_RUNPATH_SEARCH_PATHS = (
					"$(inherited)",
					"@executable_path/Frameworks",
				);
				MARKETING_VERSION = 1.0;
				PRODUCT_BUNDLE_IDENTIFIER = "co.ritesh.I-am-Poor";
				PRODUCT_NAME = "$(TARGET_NAME)";
				SWIFT_EMIT_LOC_STRINGS = YES;
				SWIFT_VERSION = 5.0;
				TARGETED_DEVICE_FAMILY = "1,2";
			};
			name = Release;
		};
		F92DA9192B44533F00F71FF6 /* Debug */ = {
			isa = XCBuildConfiguration;
			buildSettings = {
				ALWAYS_EMBED_SWIFT_STANDARD_LIBRARIES = YES;
				BUNDLE_LOADER = "$(TEST_HOST)";
				CODE_SIGN_STYLE = Automatic;
				CURRENT_PROJECT_VERSION = 1;
				GENERATE_INFOPLIST_FILE = YES;
				IPHONEOS_DEPLOYMENT_TARGET = 17.2;
				MARKETING_VERSION = 1.0;
				PRODUCT_BUNDLE_IDENTIFIER = "co.ritesh.I-am-PoorTests";
				PRODUCT_NAME = "$(TARGET_NAME)";
				SWIFT_EMIT_LOC_STRINGS = NO;
				SWIFT_VERSION = 5.0;
				TARGETED_DEVICE_FAMILY = "1,2";
				TEST_HOST = "$(BUILT_PRODUCTS_DIR)/I am Poor.app/$(BUNDLE_EXECUTABLE_FOLDER_PATH)/I am Poor";
			};
			name = Debug;
		};
		F92DA91A2B44533F00F71FF6 /* Release */ = {
			isa = XCBuildConfiguration;
			buildSettings = {
				ALWAYS_EMBED_SWIFT_STANDARD_LIBRARIES = YES;
				BUNDLE_LOADER = "$(TEST_HOST)";
				CODE_SIGN_STYLE = Automatic;
				CURRENT_PROJECT_VERSION = 1;
				GENERATE_INFOPLIST_FILE = YES;
				IPHONEOS_DEPLOYMENT_TARGET = 17.2;
				MARKETING_VERSION = 1.0;
				PRODUCT_BUNDLE_IDENTIFIER = "co.ritesh.I-am-PoorTests";
				PRODUCT_NAME = "$(TARGET_NAME)";
				SWIFT_EMIT_LOC_STRINGS = NO;
				SWIFT_VERSION = 5.0;
				TARGETED_DEVICE_FAMILY = "1,2";
				TEST_HOST = "$(BUILT_PRODUCTS_DIR)/I am Poor.app/$(BUNDLE_EXECUTABLE_FOLDER_PATH)/I am Poor";
			};
			name = Release;
		};
		F92DA91C2B44533F00F71FF6 /* Debug */ = {
			isa = XCBuildConfiguration;
			buildSettings = {
				ALWAYS_EMBED_SWIFT_STANDARD_LIBRARIES = YES;
				CODE_SIGN_STYLE = Automatic;
				CURRENT_PROJECT_VERSION = 1;
				GENERATE_INFOPLIST_FILE = YES;
				MARKETING_VERSION = 1.0;
				PRODUCT_BUNDLE_IDENTIFIER = "co.ritesh.I-am-PoorUITests";
				PRODUCT_NAME = "$(TARGET_NAME)";
				SWIFT_EMIT_LOC_STRINGS = NO;
				SWIFT_VERSION = 5.0;
				TARGETED_DEVICE_FAMILY = "1,2";
				TEST_TARGET_NAME = "I am Poor";
			};
			name = Debug;
		};
		F92DA91D2B44533F00F71FF6 /* Release */ = {
			isa = XCBuildConfiguration;
			buildSettings = {
				ALWAYS_EMBED_SWIFT_STANDARD_LIBRARIES = YES;
				CODE_SIGN_STYLE = Automatic;
				CURRENT_PROJECT_VERSION = 1;
				GENERATE_INFOPLIST_FILE = YES;
				MARKETING_VERSION = 1.0;
				PRODUCT_BUNDLE_IDENTIFIER = "co.ritesh.I-am-PoorUITests";
				PRODUCT_NAME = "$(TARGET_NAME)";
				SWIFT_EMIT_LOC_STRINGS = NO;
				SWIFT_VERSION = 5.0;
				TARGETED_DEVICE_FAMILY = "1,2";
				TEST_TARGET_NAME = "I am Poor";
			};
			name = Release;
		};
/* End XCBuildConfiguration section */

/* Begin XCConfigurationList section */
		F92DA8E62B44533E00F71FF6 /* Build configuration list for PBXProject "I am Poor" */ = {
			isa = XCConfigurationList;
			buildConfigurations = (
				F92DA9132B44533F00F71FF6 /* Debug */,
				F92DA9142B44533F00F71FF6 /* Release */,
			);
			defaultConfigurationIsVisible = 0;
			defaultConfigurationName = Release;
		};
		F92DA9152B44533F00F71FF6 /* Build configuration list for PBXNativeTarget "I am Poor" */ = {
			isa = XCConfigurationList;
			buildConfigurations = (
				F92DA9162B44533F00F71FF6 /* Debug */,
				F92DA9172B44533F00F71FF6 /* Release */,
			);
			defaultConfigurationIsVisible = 0;
			defaultConfigurationName = Release;
		};
		F92DA9182B44533F00F71FF6 /* Build configuration list for PBXNativeTarget "I am PoorTests" */ = {
			isa = XCConfigurationList;
			buildConfigurations = (
				F92DA9192B44533F00F71FF6 /* Debug */,
				F92DA91A2B44533F00F71FF6 /* Release */,
			);
			defaultConfigurationIsVisible = 0;
			defaultConfigurationName = Release;
		};
		F92DA91B2B44533F00F71FF6 /* Build configuration list for PBXNativeTarget "I am PoorUITests" */ = {
			isa = XCConfigurationList;
			buildConfigurations = (
				F92DA91C2B44533F00F71FF6 /* Debug */,
				F92DA91D2B44533F00F71FF6 /* Release */,
			);
			defaultConfigurationIsVisible = 0;
			defaultConfigurationName = Release;
		};
/* End XCConfigurationList section */
	};
	rootObject = F92DA8E32B44533E00F71FF6 /* Project object */;
}
